
Microsoft Visual Studio Solution File, Format Version 12.00
# Visual Studio Version 17
VisualStudioVersion = 17.8.34525.116
MinimumVisualStudioVersion = 10.0.40219.1
Project("{9A19103F-16F7-4668-BE54-9A1E7A4F7556}") = "CheckersAPI", "CheckersAPI\CheckersAPI.csproj", "{129015FC-E7C3-4E12-B7D8-8C63B0F73FF5}"
EndProject
Project("{9A19103F-16F7-4668-BE54-9A1E7A4F7556}") = "CheckersTest", "CheckersTest\CheckersTest.csproj", "{F814149B-537C-4ED5-862D-63101CB782FE}"
EndProject
Project("{9A19103F-16F7-4668-BE54-9A1E7A4F7556}") = "CheckersAPI.Tests", "CheckersAPI.Moq\CheckersAPI.Tests.csproj", "{39F43497-33CD-43AB-A7A6-AE8D6BD4E2DF}"
EndProject
Global
	GlobalSection(SolutionConfigurationPlatforms) = preSolution
		Debug|Any CPU = Debug|Any CPU
		Release|Any CPU = Release|Any CPU
	EndGlobalSection
	GlobalSection(ProjectConfigurationPlatforms) = postSolution
		{129015FC-E7C3-4E12-B7D8-8C63B0F73FF5}.Debug|Any CPU.ActiveCfg = Debug|Any CPU
		{129015FC-E7C3-4E12-B7D8-8C63B0F73FF5}.Debug|Any CPU.Build.0 = Debug|Any CPU
		{129015FC-E7C3-4E12-B7D8-8C63B0F73FF5}.Release|Any CPU.ActiveCfg = Release|Any CPU
		{129015FC-E7C3-4E12-B7D8-8C63B0F73FF5}.Release|Any CPU.Build.0 = Release|Any CPU
		{F814149B-537C-4ED5-862D-63101CB782FE}.Debug|Any CPU.ActiveCfg = Debug|Any CPU
		{F814149B-537C-4ED5-862D-63101CB782FE}.Debug|Any CPU.Build.0 = Debug|Any CPU
		{F814149B-537C-4ED5-862D-63101CB782FE}.Release|Any CPU.ActiveCfg = Release|Any CPU
		{F814149B-537C-4ED5-862D-63101CB782FE}.Release|Any CPU.Build.0 = Release|Any CPU
		{39F43497-33CD-43AB-A7A6-AE8D6BD4E2DF}.Debug|Any CPU.ActiveCfg = Debug|Any CPU
		{39F43497-33CD-43AB-A7A6-AE8D6BD4E2DF}.Debug|Any CPU.Build.0 = Debug|Any CPU
		{39F43497-33CD-43AB-A7A6-AE8D6BD4E2DF}.Release|Any CPU.ActiveCfg = Release|Any CPU
		{39F43497-33CD-43AB-A7A6-AE8D6BD4E2DF}.Release|Any CPU.Build.0 = Release|Any CPU
	EndGlobalSection
	GlobalSection(SolutionProperties) = preSolution
		HideSolutionNode = FALSE
	EndGlobalSection
	GlobalSection(ExtensibilityGlobals) = postSolution
		SolutionGuid = {F652CE1E-0359-416A-A9E0-8089896A134C}
	EndGlobalSection
EndGlobal
